// !$*UTF8*$!
{
	archiveVersion = 1;
	classes = {
	};
	objectVersion = 46;
	objects = {

/* Begin PBXBuildFile section */
		6E8B878C1A5E90EA002B960D /* AppDelegate.swift in Sources */ = {isa = PBXBuildFile; fileRef = 6E8B878B1A5E90EA002B960D /* AppDelegate.swift */; };
		6E8B878E1A5E90EA002B960D /* ViewController.swift in Sources */ = {isa = PBXBuildFile; fileRef = 6E8B878D1A5E90EA002B960D /* ViewController.swift */; };
		6E8B87911A5E90EA002B960D /* Main.storyboard in Resources */ = {isa = PBXBuildFile; fileRef = 6E8B878F1A5E90EA002B960D /* Main.storyboard */; };
		6E8B87931A5E90EA002B960D /* Images.xcassets in Resources */ = {isa = PBXBuildFile; fileRef = 6E8B87921A5E90EA002B960D /* Images.xcassets */; };
		6E8B87961A5E90EA002B960D /* LaunchScreen.xib in Resources */ = {isa = PBXBuildFile; fileRef = 6E8B87941A5E90EA002B960D /* LaunchScreen.xib */; };
		6E8B87A21A5E90EA002B960D /* PhotoProTests.swift in Sources */ = {isa = PBXBuildFile; fileRef = 6E8B87A11A5E90EA002B960D /* PhotoProTests.swift */; };
		6E8B87AC1A5F7330002B960D /* Photos.framework in Frameworks */ = {isa = PBXBuildFile; fileRef = 6E8B87AB1A5F7330002B960D /* Photos.framework */; };
		6E8B87AF1A5FD363002B960D /* LoginViewController.swift in Sources */ = {isa = PBXBuildFile; fileRef = 6E8B87AE1A5FD363002B960D /* LoginViewController.swift */; };
		6E8B87B11A5FD43F002B960D /* LocalAuthentication.framework in Frameworks */ = {isa = PBXBuildFile; fileRef = 6E8B87B01A5FD43F002B960D /* LocalAuthentication.framework */; };
/* End PBXBuildFile section */

/* Begin PBXContainerItemProxy section */
		6E8B879C1A5E90EA002B960D /* PBXContainerItemProxy */ = {
			isa = PBXContainerItemProxy;
			containerPortal = 6E8B877E1A5E90EA002B960D /* Project object */;
			proxyType = 1;
			remoteGlobalIDString = 6E8B87851A5E90EA002B960D;
			remoteInfo = PhotoPro;
		};
/* End PBXContainerItemProxy section */

/* Begin PBXFileReference section */
		6E8B87861A5E90EA002B960D /* PhotoPro.app */ = {isa = PBXFileReference; explicitFileType = wrapper.application; includeInIndex = 0; path = PhotoPro.app; sourceTree = BUILT_PRODUCTS_DIR; };
		6E8B878A1A5E90EA002B960D /* Info.plist */ = {isa = PBXFileReference; lastKnownFileType = text.plist.xml; path = Info.plist; sourceTree = "<group>"; };
		6E8B878B1A5E90EA002B960D /* AppDelegate.swift */ = {isa = PBXFileReference; lastKnownFileType = sourcecode.swift; path = AppDelegate.swift; sourceTree = "<group>"; };
		6E8B878D1A5E90EA002B960D /* ViewController.swift */ = {isa = PBXFileReference; lastKnownFileType = sourcecode.swift; path = ViewController.swift; sourceTree = "<group>"; };
		6E8B87901A5E90EA002B960D /* Base */ = {isa = PBXFileReference; lastKnownFileType = file.storyboard; name = Base; path = Base.lproj/Main.storyboard; sourceTree = "<group>"; };
		6E8B87921A5E90EA002B960D /* Images.xcassets */ = {isa = PBXFileReference; lastKnownFileType = folder.assetcatalog; path = Images.xcassets; sourceTree = "<group>"; };
		6E8B87951A5E90EA002B960D /* Base */ = {isa = PBXFileReference; lastKnownFileType = file.xib; name = Base; path = Base.lproj/LaunchScreen.xib; sourceTree = "<group>"; };
		6E8B879B1A5E90EA002B960D /* PhotoProTests.xctest */ = {isa = PBXFileReference; explicitFileType = wrapper.cfbundle; includeInIndex = 0; path = PhotoProTests.xctest; sourceTree = BUILT_PRODUCTS_DIR; };
		6E8B87A01A5E90EA002B960D /* Info.plist */ = {isa = PBXFileReference; lastKnownFileType = text.plist.xml; path = Info.plist; sourceTree = "<group>"; };
		6E8B87A11A5E90EA002B960D /* PhotoProTests.swift */ = {isa = PBXFileReference; lastKnownFileType = sourcecode.swift; path = PhotoProTests.swift; sourceTree = "<group>"; };
		6E8B87AB1A5F7330002B960D /* Photos.framework */ = {isa = PBXFileReference; lastKnownFileType = wrapper.framework; name = Photos.framework; path = System/Library/Frameworks/Photos.framework; sourceTree = SDKROOT; };
		6E8B87AE1A5FD363002B960D /* LoginViewController.swift */ = {isa = PBXFileReference; fileEncoding = 4; lastKnownFileType = sourcecode.swift; path = LoginViewController.swift; sourceTree = "<group>"; };
		6E8B87B01A5FD43F002B960D /* LocalAuthentication.framework */ = {isa = PBXFileReference; lastKnownFileType = wrapper.framework; name = LocalAuthentication.framework; path = System/Library/Frameworks/LocalAuthentication.framework; sourceTree = SDKROOT; };
/* End PBXFileReference section */

/* Begin PBXFrameworksBuildPhase section */
		6E8B87831A5E90EA002B960D /* Frameworks */ = {
			isa = PBXFrameworksBuildPhase;
			buildActionMask = 2147483647;
			files = (
				6E8B87B11A5FD43F002B960D /* LocalAuthentication.framework in Frameworks */,
				6E8B87AC1A5F7330002B960D /* Photos.framework in Frameworks */,
			);
			runOnlyForDeploymentPostprocessing = 0;
		};
		6E8B87981A5E90EA002B960D /* Frameworks */ = {
			isa = PBXFrameworksBuildPhase;
			buildActionMask = 2147483647;
			files = (
			);
			runOnlyForDeploymentPostprocessing = 0;
		};
/* End PBXFrameworksBuildPhase section */

/* Begin PBXGroup section */
		6E8B877D1A5E90EA002B960D = {
			isa = PBXGroup;
			children = (
				6E8B87881A5E90EA002B960D /* PhotoPro */,
				6E8B879E1A5E90EA002B960D /* PhotoProTests */,
				6E8B87871A5E90EA002B960D /* Products */,
			);
			sourceTree = "<group>";
		};
		6E8B87871A5E90EA002B960D /* Products */ = {
			isa = PBXGroup;
			children = (
				6E8B87861A5E90EA002B960D /* PhotoPro.app */,
				6E8B879B1A5E90EA002B960D /* PhotoProTests.xctest */,
			);
			name = Products;
			sourceTree = "<group>";
		};
		6E8B87881A5E90EA002B960D /* PhotoPro */ = {
			isa = PBXGroup;
			children = (
				6E8B878B1A5E90EA002B960D /* AppDelegate.swift */,
				6E8B87AE1A5FD363002B960D /* LoginViewController.swift */,
				6E8B878D1A5E90EA002B960D /* ViewController.swift */,
				6E8B878F1A5E90EA002B960D /* Main.storyboard */,
				6E8B87921A5E90EA002B960D /* Images.xcassets */,
				6E8B87941A5E90EA002B960D /* LaunchScreen.xib */,
				6E8B87891A5E90EA002B960D /* Supporting Files */,
			);
			path = PhotoPro;
			sourceTree = "<group>";
		};
		6E8B87891A5E90EA002B960D /* Supporting Files */ = {
			isa = PBXGroup;
			children = (
				6E8B878A1A5E90EA002B960D /* Info.plist */,
				6E8B87AD1A5F733C002B960D /* Frameworks */,
			);
			name = "Supporting Files";
			sourceTree = "<group>";
		};
		6E8B879E1A5E90EA002B960D /* PhotoProTests */ = {
			isa = PBXGroup;
			children = (
				6E8B87A11A5E90EA002B960D /* PhotoProTests.swift */,
				6E8B879F1A5E90EA002B960D /* Supporting Files */,
			);
			path = PhotoProTests;
			sourceTree = "<group>";
		};
		6E8B879F1A5E90EA002B960D /* Supporting Files */ = {
			isa = PBXGroup;
			children = (
				6E8B87A01A5E90EA002B960D /* Info.plist */,
			);
			name = "Supporting Files";
			sourceTree = "<group>";
		};
		6E8B87AD1A5F733C002B960D /* Frameworks */ = {
			isa = PBXGroup;
			children = (
				6E8B87B01A5FD43F002B960D /* LocalAuthentication.framework */,
				6E8B87AB1A5F7330002B960D /* Photos.framework */,
			);
			name = Frameworks;
			sourceTree = "<group>";
		};
/* End PBXGroup section */

/* Begin PBXNativeTarget section */
		6E8B87851A5E90EA002B960D /* PhotoPro */ = {
			isa = PBXNativeTarget;
			buildConfigurationList = 6E8B87A51A5E90EA002B960D /* Build configuration list for PBXNativeTarget "PhotoPro" */;
			buildPhases = (
				6E8B87821A5E90EA002B960D /* Sources */,
				6E8B87831A5E90EA002B960D /* Frameworks */,
				6E8B87841A5E90EA002B960D /* Resources */,
			);
			buildRules = (
			);
			dependencies = (
			);
			name = PhotoPro;
			productName = PhotoPro;
			productReference = 6E8B87861A5E90EA002B960D /* PhotoPro.app */;
			productType = "com.apple.product-type.application";
		};
		6E8B879A1A5E90EA002B960D /* PhotoProTests */ = {
			isa = PBXNativeTarget;
			buildConfigurationList = 6E8B87A81A5E90EA002B960D /* Build configuration list for PBXNativeTarget "PhotoProTests" */;
			buildPhases = (
				6E8B87971A5E90EA002B960D /* Sources */,
				6E8B87981A5E90EA002B960D /* Frameworks */,
				6E8B87991A5E90EA002B960D /* Resources */,
			);
			buildRules = (
			);
			dependencies = (
				6E8B879D1A5E90EA002B960D /* PBXTargetDependency */,
			);
			name = PhotoProTests;
			productName = PhotoProTests;
			productReference = 6E8B879B1A5E90EA002B960D /* PhotoProTests.xctest */;
			productType = "com.apple.product-type.bundle.unit-test";
		};
/* End PBXNativeTarget section */

/* Begin PBXProject section */
		6E8B877E1A5E90EA002B960D /* Project object */ = {
			isa = PBXProject;
			attributes = {
				LastUpgradeCheck = 0610;
				ORGANIZATIONNAME = "Lê Công";
				TargetAttributes = {
					6E8B87851A5E90EA002B960D = {
						CreatedOnToolsVersion = 6.1.1;
					};
					6E8B879A1A5E90EA002B960D = {
						CreatedOnToolsVersion = 6.1.1;
						TestTargetID = 6E8B87851A5E90EA002B960D;
					};
				};
			};
			buildConfigurationList = 6E8B87811A5E90EA002B960D /* Build configuration list for PBXProject "PhotoPro" */;
			compatibilityVersion = "Xcode 3.2";
			developmentRegion = English;
			hasScannedForEncodings = 0;
			knownRegions = (
				en,
				Base,
			);
			mainGroup = 6E8B877D1A5E90EA002B960D;
			productRefGroup = 6E8B87871A5E90EA002B960D /* Products */;
			projectDirPath = "";
			projectRoot = "";
			targets = (
				6E8B87851A5E90EA002B960D /* PhotoPro */,
				6E8B879A1A5E90EA002B960D /* PhotoProTests */,
			);
		};
/* End PBXProject section */

/* Begin PBXResourcesBuildPhase section */
		6E8B87841A5E90EA002B960D /* Resources */ = {
			isa = PBXResourcesBuildPhase;
			buildActionMask = 2147483647;
			files = (
				6E8B87911A5E90EA002B960D /* Main.storyboard in Resources */,
				6E8B87961A5E90EA002B960D /* LaunchScreen.xib in Resources */,
				6E8B87931A5E90EA002B960D /* Images.xcassets in Resources */,
			);
			runOnlyForDeploymentPostprocessing = 0;
		};
		6E8B87991A5E90EA002B960D /* Resources */ = {
			isa = PBXResourcesBuildPhase;
			buildActionMask = 2147483647;
			files = (
			);
			runOnlyForDeploymentPostprocessing = 0;
		};
/* End PBXResourcesBuildPhase section */

/* Begin PBXSourcesBuildPhase section */
		6E8B87821A5E90EA002B960D /* Sources */ = {
			isa = PBXSourcesBuildPhase;
			buildActionMask = 2147483647;
			files = (
				6E8B87AF1A5FD363002B960D /* LoginViewController.swift in Sources */,
				6E8B878E1A5E90EA002B960D /* ViewController.swift in Sources */,
				6E8B878C1A5E90EA002B960D /* AppDelegate.swift in Sources */,
			);
			runOnlyForDeploymentPostprocessing = 0;
		};
		6E8B87971A5E90EA002B960D /* Sources */ = {
			isa = PBXSourcesBuildPhase;
			buildActionMask = 2147483647;
			files = (
				6E8B87A21A5E90EA002B960D /* PhotoProTests.swift in Sources */,
			);
			runOnlyForDeploymentPostprocessing = 0;
		};
/* End PBXSourcesBuildPhase section */

/* Begin PBXTargetDependency section */
		6E8B879D1A5E90EA002B960D /* PBXTargetDependency */ = {
			isa = PBXTargetDependency;
			target = 6E8B87851A5E90EA002B960D /* PhotoPro */;
			targetProxy = 6E8B879C1A5E90EA002B960D /* PBXContainerItemProxy */;
		};
/* End PBXTargetDependency section */

/* Begin PBXVariantGroup section */
		6E8B878F1A5E90EA002B960D /* Main.storyboard */ = {
			isa = PBXVariantGroup;
			children = (
				6E8B87901A5E90EA002B960D /* Base */,
			);
			name = Main.storyboard;
			sourceTree = "<group>";
		};
		6E8B87941A5E90EA002B960D /* LaunchScreen.xib */ = {
			isa = PBXVariantGroup;
			children = (
				6E8B87951A5E90EA002B960D /* Base */,
			);
			name = LaunchScreen.xib;
			sourceTree = "<group>";
		};
/* End PBXVariantGroup section */

/* Begin XCBuildConfiguration section */
		6E8B87A31A5E90EA002B960D /* Debug */ = {
			isa = XCBuildConfiguration;
			buildSettings = {
				ALWAYS_SEARCH_USER_PATHS = NO;
				CLANG_CXX_LANGUAGE_STANDARD = "gnu++0x";
				CLANG_CXX_LIBRARY = "libc++";
				CLANG_ENABLE_MODULES = YES;
				CLANG_ENABLE_OBJC_ARC = YES;
				CLANG_WARN_BOOL_CONVERSION = YES;
				CLANG_WARN_CONSTANT_CONVERSION = YES;
				CLANG_WARN_DIRECT_OBJC_ISA_USAGE = YES_ERROR;
				CLANG_WARN_EMPTY_BODY = YES;
				CLANG_WARN_ENUM_CONVERSION = YES;
				CLANG_WARN_INT_CONVERSION = YES;
				CLANG_WARN_OBJC_ROOT_CLASS = YES_ERROR;
				CLANG_WARN_UNREACHABLE_CODE = YES;
				CLANG_WARN__DUPLICATE_METHOD_MATCH = YES;
				"CODE_SIGN_IDENTITY[sdk=iphoneos*]" = "iPhone Developer";
				COPY_PHASE_STRIP = NO;
				ENABLE_STRICT_OBJC_MSGSEND = YES;
				GCC_C_LANGUAGE_STANDARD = gnu99;
				GCC_DYNAMIC_NO_PIC = NO;
				GCC_OPTIMIZATION_LEVEL = 0;
				GCC_PREPROCESSOR_DEFINITIONS = (
					"DEBUG=1",
					"$(inherited)",
				);
				GCC_SYMBOLS_PRIVATE_EXTERN = NO;
				GCC_WARN_64_TO_32_BIT_CONVERSION = YES;
				GCC_WARN_ABOUT_RETURN_TYPE = YES_ERROR;
				GCC_WARN_UNDECLARED_SELECTOR = YES;
				GCC_WARN_UNINITIALIZED_AUTOS = YES_AGGRESSIVE;
				GCC_WARN_UNUSED_FUNCTION = YES;
				GCC_WARN_UNUSED_VARIABLE = YES;
				IPHONEOS_DEPLOYMENT_TARGET = 8.1;
				MTL_ENABLE_DEBUG_INFO = YES;
				ONLY_ACTIVE_ARCH = YES;
				SDKROOT = iphoneos;
				SWIFT_OPTIMIZATION_LEVEL = "-Onone";
			};
			name = Debug;
		};
		6E8B87A41A5E90EA002B960D /* Release */ = {
			isa = XCBuildConfiguration;
			buildSettings = {
				ALWAYS_SEARCH_USER_PATHS = NO;
				CLANG_CXX_LANGUAGE_STANDARD = "gnu++0x";
				CLANG_CXX_LIBRARY = "libc++";
				CLANG_ENABLE_MODULES = YES;
				CLANG_ENABLE_OBJC_ARC = YES;
				CLANG_WARN_BOOL_CONVERSION = YES;
				CLANG_WARN_CONSTANT_CONVERSION = YES;
				CLANG_WARN_DIRECT_OBJC_ISA_USAGE = YES_ERROR;
				CLANG_WARN_EMPTY_BODY = YES;
				CLANG_WARN_ENUM_CONVERSION = YES;
				CLANG_WARN_INT_CONVERSION = YES;
				CLANG_WARN_OBJC_ROOT_CLASS = YES_ERROR;
				CLANG_WARN_UNREACHABLE_CODE = YES;
				CLANG_WARN__DUPLICATE_METHOD_MATCH = YES;
				"CODE_SIGN_IDENTITY[sdk=iphoneos*]" = "iPhone Developer";
				COPY_PHASE_STRIP = YES;
				ENABLE_NS_ASSERTIONS = NO;
				ENABLE_STRICT_OBJC_MSGSEND = YES;
				GCC_C_LANGUAGE_STANDARD = gnu99;
				GCC_WARN_64_TO_32_BIT_CONVERSION = YES;
				GCC_WARN_ABOUT_RETURN_TYPE = YES_ERROR;
				GCC_WARN_UNDECLARED_SELECTOR = YES;
				GCC_WARN_UNINITIALIZED_AUTOS = YES_AGGRESSIVE;
				GCC_WARN_UNUSED_FUNCTION = YES;
				GCC_WARN_UNUSED_VARIABLE = YES;
				IPHONEOS_DEPLOYMENT_TARGET = 8.1;
				MTL_ENABLE_DEBUG_INFO = NO;
				SDKROOT = iphoneos;
				VALIDATE_PRODUCT = YES;
			};
			name = Release;
		};
		6E8B87A61A5E90EA002B960D /* Debug */ = {
			isa = XCBuildConfiguration;
			buildSettings = {
				ASSETCATALOG_COMPILER_APPICON_NAME = AppIcon;
				CODE_SIGN_IDENTITY = "iPhone Distribution: appli plus inc.";
				INFOPLIST_FILE = PhotoPro/Info.plist;
				IPHONEOS_DEPLOYMENT_TARGET = 8.0;
				LD_RUNPATH_SEARCH_PATHS = "$(inherited) @executable_path/Frameworks";
				PRODUCT_NAME = "$(TARGET_NAME)";
			};
			name = Debug;
		};
		6E8B87A71A5E90EA002B960D /* Release */ = {
			isa = XCBuildConfiguration;
			buildSettings = {
				ASSETCATALOG_COMPILER_APPICON_NAME = AppIcon;
				CODE_SIGN_IDENTITY = "iPhone Distribution: appli plus inc.";
				INFOPLIST_FILE = PhotoPro/Info.plist;
				IPHONEOS_DEPLOYMENT_TARGET = 8.0;
				LD_RUNPATH_SEARCH_PATHS = "$(inherited) @executable_path/Frameworks";
				PRODUCT_NAME = "$(TARGET_NAME)";
			};
			name = Release;
		};
		6E8B87A91A5E90EA002B960D /* Debug */ = {
			isa = XCBuildConfiguration;
			buildSettings = {
				BUNDLE_LOADER = "$(TEST_HOST)";
				FRAMEWORK_SEARCH_PATHS = (
					"$(SDKROOT)/Developer/Library/Frameworks",
					"$(inherited)",
				);
				GCC_PREPROCESSOR_DEFINITIONS = (
					"DEBUG=1",
					"$(inherited)",
				);
				INFOPLIST_FILE = PhotoProTests/Info.plist;
				LD_RUNPATH_SEARCH_PATHS = "$(inherited) @executable_path/Frameworks @loader_path/Frameworks";
				PRODUCT_NAME = "$(TARGET_NAME)";
				TEST_HOST = "$(BUILT_PRODUCTS_DIR)/PhotoPro.app/PhotoPro";
			};
			name = Debug;
		};
		6E8B87AA1A5E90EA002B960D /* Release */ = {
			isa = XCBuildConfiguration;
			buildSettings = {
				BUNDLE_LOADER = "$(TEST_HOST)";
				FRAMEWORK_SEARCH_PATHS = (
					"$(SDKROOT)/Developer/Library/Frameworks",
					"$(inherited)",
				);
				INFOPLIST_FILE = PhotoProTests/Info.plist;
				LD_RUNPATH_SEARCH_PATHS = "$(inherited) @executable_path/Frameworks @loader_path/Frameworks";
				PRODUCT_NAME = "$(TARGET_NAME)";
				TEST_HOST = "$(BUILT_PRODUCTS_DIR)/PhotoPro.app/PhotoPro";
			};
			name = Release;
		};
/* End XCBuildConfiguration section */

/* Begin XCConfigurationList section */
		6E8B87811A5E90EA002B960D /* Build configuration list for PBXProject "PhotoPro" */ = {
			isa = XCConfigurationList;
			buildConfigurations = (
				6E8B87A31A5E90EA002B960D /* Debug */,
				6E8B87A41A5E90EA002B960D /* Release */,
			);
			defaultConfigurationIsVisible = 0;
			defaultConfigurationName = Release;
		};
		6E8B87A51A5E90EA002B960D /* Build configuration list for PBXNativeTarget "PhotoPro" */ = {
			isa = XCConfigurationList;
			buildConfigurations = (
				6E8B87A61A5E90EA002B960D /* Debug */,
				6E8B87A71A5E90EA002B960D /* Release */,
			);
			defaultConfigurationIsVisible = 0;
		};
		6E8B87A81A5E90EA002B960D /* Build configuration list for PBXNativeTarget "PhotoProTests" */ = {
			isa = XCConfigurationList;
			buildConfigurations = (
				6E8B87A91A5E90EA002B960D /* Debug */,
				6E8B87AA1A5E90EA002B960D /* Release */,
			);
			defaultConfigurationIsVisible = 0;
		};
/* End XCConfigurationList section */
	};
	rootObject = 6E8B877E1A5E90EA002B960D /* Project object */;
}
